
Microsoft Visual Studio Solution File, Format Version 12.00
# Visual Studio Version 17
VisualStudioVersion = 17.10.35122.118
MinimumVisualStudioVersion = 10.0.40219.1
Project("{FAE04EC0-301F-11D3-BF4B-00C04F79EFBC}") = "ASP.NET.Core.ExceptionHandling", "ASP.NET.Core.ExceptionHandling\ASP.NET.Core.ExceptionHandling.csproj", "{243D93C9-BE6B-4CB2-865B-86445FD42B38}"
EndProject
Global
	GlobalSection(SolutionConfigurationPlatforms) = preSolution
		Debug|Any CPU = Debug|Any CPU
		Release|Any CPU = Release|Any CPU
	EndGlobalSection
	GlobalSection(ProjectConfigurationPlatforms) = postSolution
		{243D93C9-BE6B-4CB2-865B-86445FD42B38}.Debug|Any CPU.ActiveCfg = Debug|Any CPU
		{243D93C9-BE6B-4CB2-865B-86445FD42B38}.Debug|Any CPU.Build.0 = Debug|Any CPU
		{243D93C9-BE6B-4CB2-865B-86445FD42B38}.Release|Any CPU.ActiveCfg = Release|Any CPU
		{243D93C9-BE6B-4CB2-865B-86445FD42B38}.Release|Any CPU.Build.0 = Release|Any CPU
	EndGlobalSection
	GlobalSection(SolutionProperties) = preSolution
		HideSolutionNode = FALSE
	EndGlobalSection
	GlobalSection(ExtensibilityGlobals) = postSolution
		SolutionGuid = {4B53BAFF-3E88-4686-BBD9-A57574BD952E}
	EndGlobalSection
EndGlobal
